
Microsoft Visual Studio Solution File, Format Version 11.00
# Visual Studio 2010
Project("{FAE04EC0-301F-11D3-BF4B-00C04F79EFBC}") = "Network_K04", "Assembly-CSharp.csproj", "{CD131561-9D6D-BA46-9E75-BA172C50689C}"
EndProject
Global
	GlobalSection(SolutionConfigurationPlatforms) = preSolution
		Debug|Any CPU = Debug|Any CPU
		Release|Any CPU = Release|Any CPU
	EndGlobalSection
	GlobalSection(ProjectConfigurationPlatforms) = postSolution
		{CD131561-9D6D-BA46-9E75-BA172C50689C}.Debug|Any CPU.ActiveCfg = Debug|Any CPU
		{CD131561-9D6D-BA46-9E75-BA172C50689C}.Debug|Any CPU.Build.0 = Debug|Any CPU
		{CD131561-9D6D-BA46-9E75-BA172C50689C}.Release|Any CPU.ActiveCfg = Release|Any CPU
		{CD131561-9D6D-BA46-9E75-BA172C50689C}.Release|Any CPU.Build.0 = Release|Any CPU
	EndGlobalSection
	GlobalSection(SolutionProperties) = preSolution
		HideSolutionNode = FALSE
	EndGlobalSection
	GlobalSection(MonoDevelopProperties) = preSolution
		StartupItem = Assembly-CSharp.csproj
	EndGlobalSection
EndGlobal
